
Microsoft Visual Studio Solution File, Format Version 12.00
# Visual Studio Version 17
VisualStudioVersion = 17.0.31903.59
MinimumVisualStudioVersion = 10.0.40219.1
Project("{2150E333-8FDC-42A3-9474-1A3956D46DE8}") = "src", "src", "{827E0CD3-B72D-47B6-A68D-7590B98EB39B}"
EndProject
Project("{FAE04EC0-301F-11D3-BF4B-00C04F79EFBC}") = "CodexBuilding.Billiards.Core", "src\CodexBuilding.Billiards.Core\CodexBuilding.Billiards.Core.csproj", "{0E9A4B70-69FB-4D78-9CD6-CFD24853D142}"
EndProject
Project("{2150E333-8FDC-42A3-9474-1A3956D46DE8}") = "tests", "tests", "{0AB3BF05-4346-4AA6-1389-037BE0695223}"
EndProject
Project("{FAE04EC0-301F-11D3-BF4B-00C04F79EFBC}") = "CodexBuilding.Billiards.Tests", "tests\CodexBuilding.Billiards.Tests\CodexBuilding.Billiards.Tests.csproj", "{27D3D066-69FC-4256-A9C5-2C5CA1BA6385}"
EndProject
Project("{2150E333-8FDC-42A3-9474-1A3956D46DE8}") = "godot", "godot", "{8D4FAABC-C56A-6D5C-8531-6A6B417F5DBA}"
EndProject
Project("{FAE04EC0-301F-11D3-BF4B-00C04F79EFBC}") = "CodexBuilding.Billiards.Godot46", "godot\CodexBuilding.Billiards.Godot46.csproj", "{90311439-C84D-47C7-BC61-E27E1B3FD0B5}"
EndProject
Global
	GlobalSection(SolutionConfigurationPlatforms) = preSolution
		Debug|Any CPU = Debug|Any CPU
		Debug|x64 = Debug|x64
		Debug|x86 = Debug|x86
		Release|Any CPU = Release|Any CPU
		Release|x64 = Release|x64
		Release|x86 = Release|x86
	EndGlobalSection
	GlobalSection(ProjectConfigurationPlatforms) = postSolution
		{0E9A4B70-69FB-4D78-9CD6-CFD24853D142}.Debug|Any CPU.ActiveCfg = Debug|Any CPU
		{0E9A4B70-69FB-4D78-9CD6-CFD24853D142}.Debug|Any CPU.Build.0 = Debug|Any CPU
		{0E9A4B70-69FB-4D78-9CD6-CFD24853D142}.Debug|x64.ActiveCfg = Debug|Any CPU
		{0E9A4B70-69FB-4D78-9CD6-CFD24853D142}.Debug|x64.Build.0 = Debug|Any CPU
		{0E9A4B70-69FB-4D78-9CD6-CFD24853D142}.Debug|x86.ActiveCfg = Debug|Any CPU
		{0E9A4B70-69FB-4D78-9CD6-CFD24853D142}.Debug|x86.Build.0 = Debug|Any CPU
		{0E9A4B70-69FB-4D78-9CD6-CFD24853D142}.Release|Any CPU.ActiveCfg = Release|Any CPU
		{0E9A4B70-69FB-4D78-9CD6-CFD24853D142}.Release|Any CPU.Build.0 = Release|Any CPU
		{0E9A4B70-69FB-4D78-9CD6-CFD24853D142}.Release|x64.ActiveCfg = Release|Any CPU
		{0E9A4B70-69FB-4D78-9CD6-CFD24853D142}.Release|x64.Build.0 = Release|Any CPU
		{0E9A4B70-69FB-4D78-9CD6-CFD24853D142}.Release|x86.ActiveCfg = Release|Any CPU
		{0E9A4B70-69FB-4D78-9CD6-CFD24853D142}.Release|x86.Build.0 = Release|Any CPU
		{27D3D066-69FC-4256-A9C5-2C5CA1BA6385}.Debug|Any CPU.ActiveCfg = Debug|Any CPU
		{27D3D066-69FC-4256-A9C5-2C5CA1BA6385}.Debug|Any CPU.Build.0 = Debug|Any CPU
		{27D3D066-69FC-4256-A9C5-2C5CA1BA6385}.Debug|x64.ActiveCfg = Debug|Any CPU
		{27D3D066-69FC-4256-A9C5-2C5CA1BA6385}.Debug|x64.Build.0 = Debug|Any CPU
		{27D3D066-69FC-4256-A9C5-2C5CA1BA6385}.Debug|x86.ActiveCfg = Debug|Any CPU
		{27D3D066-69FC-4256-A9C5-2C5CA1BA6385}.Debug|x86.Build.0 = Debug|Any CPU
		{27D3D066-69FC-4256-A9C5-2C5CA1BA6385}.Release|Any CPU.ActiveCfg = Release|Any CPU
		{27D3D066-69FC-4256-A9C5-2C5CA1BA6385}.Release|Any CPU.Build.0 = Release|Any CPU
		{27D3D066-69FC-4256-A9C5-2C5CA1BA6385}.Release|x64.ActiveCfg = Release|Any CPU
		{27D3D066-69FC-4256-A9C5-2C5CA1BA6385}.Release|x64.Build.0 = Release|Any CPU
		{27D3D066-69FC-4256-A9C5-2C5CA1BA6385}.Release|x86.ActiveCfg = Release|Any CPU
		{27D3D066-69FC-4256-A9C5-2C5CA1BA6385}.Release|x86.Build.0 = Release|Any CPU
		{90311439-C84D-47C7-BC61-E27E1B3FD0B5}.Debug|Any CPU.ActiveCfg = Debug|Any CPU
		{90311439-C84D-47C7-BC61-E27E1B3FD0B5}.Debug|Any CPU.Build.0 = Debug|Any CPU
		{90311439-C84D-47C7-BC61-E27E1B3FD0B5}.Debug|x64.ActiveCfg = Debug|Any CPU
		{90311439-C84D-47C7-BC61-E27E1B3FD0B5}.Debug|x64.Build.0 = Debug|Any CPU
		{90311439-C84D-47C7-BC61-E27E1B3FD0B5}.Debug|x86.ActiveCfg = Debug|Any CPU
		{90311439-C84D-47C7-BC61-E27E1B3FD0B5}.Debug|x86.Build.0 = Debug|Any CPU
		{90311439-C84D-47C7-BC61-E27E1B3FD0B5}.Release|Any CPU.ActiveCfg = Debug|Any CPU
		{90311439-C84D-47C7-BC61-E27E1B3FD0B5}.Release|Any CPU.Build.0 = Debug|Any CPU
		{90311439-C84D-47C7-BC61-E27E1B3FD0B5}.Release|x64.ActiveCfg = Debug|Any CPU
		{90311439-C84D-47C7-BC61-E27E1B3FD0B5}.Release|x64.Build.0 = Debug|Any CPU
		{90311439-C84D-47C7-BC61-E27E1B3FD0B5}.Release|x86.ActiveCfg = Debug|Any CPU
		{90311439-C84D-47C7-BC61-E27E1B3FD0B5}.Release|x86.Build.0 = Debug|Any CPU
	EndGlobalSection
	GlobalSection(SolutionProperties) = preSolution
		HideSolutionNode = FALSE
	EndGlobalSection
	GlobalSection(NestedProjects) = preSolution
		{0E9A4B70-69FB-4D78-9CD6-CFD24853D142} = {827E0CD3-B72D-47B6-A68D-7590B98EB39B}
		{27D3D066-69FC-4256-A9C5-2C5CA1BA6385} = {0AB3BF05-4346-4AA6-1389-037BE0695223}
		{90311439-C84D-47C7-BC61-E27E1B3FD0B5} = {8D4FAABC-C56A-6D5C-8531-6A6B417F5DBA}
	EndGlobalSection
EndGlobal
